
Microsoft Visual Studio Solution File, Format Version 12.00
# Visual Studio Version 17
VisualStudioVersion = 17.3.32929.385
MinimumVisualStudioVersion = 10.0.40219.1
Project("{FAE04EC0-301F-11D3-BF4B-00C04F79EFBC}") = "ConsoleTextToTxtFile", "ConsoleTextToTxtFile\ConsoleTextToTxtFile.csproj", "{26AE679B-BC08-4F86-9303-09D11969608E}"
EndProject
Global
	GlobalSection(SolutionConfigurationPlatforms) = preSolution
		Debug|Any CPU = Debug|Any CPU
		Release|Any CPU = Release|Any CPU
	EndGlobalSection
	GlobalSection(ProjectConfigurationPlatforms) = postSolution
		{26AE679B-BC08-4F86-9303-09D11969608E}.Debug|Any CPU.ActiveCfg = Debug|Any CPU
		{26AE679B-BC08-4F86-9303-09D11969608E}.Debug|Any CPU.Build.0 = Debug|Any CPU
		{26AE679B-BC08-4F86-9303-09D11969608E}.Release|Any CPU.ActiveCfg = Release|Any CPU
		{26AE679B-BC08-4F86-9303-09D11969608E}.Release|Any CPU.Build.0 = Release|Any CPU
	EndGlobalSection
	GlobalSection(SolutionProperties) = preSolution
		HideSolutionNode = FALSE
	EndGlobalSection
	GlobalSection(ExtensibilityGlobals) = postSolution
		SolutionGuid = {29B38E85-F741-401F-858D-CE754ED258C0}
	EndGlobalSection
EndGlobal
